# Run ./gradlew --write-locks to regenerate this file
com.fasterxml.jackson.core:jackson-annotations:2.15.3 (8 constraints: 9d8f5089)
com.fasterxml.jackson.core:jackson-core:2.15.3 (13 constraints: 001f0eae)
com.fasterxml.jackson.core:jackson-databind:2.15.3 (18 constraints: 2770b453)
com.fasterxml.jackson.dataformat:jackson-dataformat-cbor:2.15.3 (1 constraints: 811ca2a4)
com.fasterxml.jackson.dataformat:jackson-dataformat-smile:2.15.3 (1 constraints: 811ca2a4)
com.fasterxml.jackson.dataformat:jackson-dataformat-yaml:2.15.2 (1 constraints: 3c05403b)
com.fasterxml.jackson.datatype:jackson-datatype-guava:2.15.3 (1 constraints: 811ca2a4)
com.fasterxml.jackson.datatype:jackson-datatype-jdk8:2.15.3 (1 constraints: 811ca2a4)
com.fasterxml.jackson.datatype:jackson-datatype-joda:2.15.3 (1 constraints: 811ca2a4)
com.fasterxml.jackson.datatype:jackson-datatype-jsr310:2.15.3 (1 constraints: 811ca2a4)
com.fasterxml.jackson.module:jackson-module-afterburner:2.15.3 (1 constraints: 9d1c9da6)
com.github.ben-manes.caffeine:caffeine:3.1.8 (5 constraints: 2c477308)
com.google.code.findbugs:jsr305:3.0.2 (19 constraints: 0a4f77b2)
com.google.code.gson:gson:2.10.1 (1 constraints: 3605303b)
com.google.errorprone:error_prone_annotations:2.26.1 (22 constraints: 2278e63f)
com.google.guava:failureaccess:1.0.2 (1 constraints: 150ae2b4)
com.google.guava:guava:33.1.0-jre (21 constraints: a48fe8f3)
com.google.guava:listenablefuture:9999.0-empty-to-avoid-conflict-with-guava (1 constraints: bd17c918)
com.google.j2objc:j2objc-annotations:3.0.0 (1 constraints: 150aeab4)
com.opencsv:opencsv:5.5.2 (1 constraints: 0e051536)
com.palantir.conjure.java:conjure-java-undertow-runtime:7.19.0 (1 constraints: 4305683b)
com.palantir.conjure.java:conjure-lib:7.19.0 (5 constraints: a150ce3a)
com.palantir.conjure.java:conjure-undertow-lib:7.19.0 (2 constraints: ac1cbfc8)
com.palantir.conjure.java.api:errors:2.35.0 (4 constraints: a6488693)
com.palantir.conjure.java.api:ssl-config:2.51.0 (4 constraints: 6f4ac997)
com.palantir.conjure.java.runtime:conjure-java-jackson-optimizations:8.6.0 (1 constraints: 541c4288)
com.palantir.conjure.java.runtime:conjure-java-jackson-serialization:8.6.0 (2 constraints: 3e278104)
com.palantir.conjure.java.runtime:keystores:8.6.0 (3 constraints: b629ab22)
com.palantir.dialogue:dialogue-target:3.91.0 (6 constraints: bc5d399c)
com.palantir.ri:resource-identifier:2.6.0 (5 constraints: 6e5af46c)
com.palantir.safe-logging:logger:3.7.0 (17 constraints: 3f2e60e8)
com.palantir.safe-logging:logger-slf4j:3.7.0 (1 constraints: 050e6842)
com.palantir.safe-logging:logger-spi:3.7.0 (2 constraints: 191ea27b)
com.palantir.safe-logging:preconditions:3.7.0 (23 constraints: fc9225a1)
com.palantir.safe-logging:safe-logging:3.7.0 (22 constraints: 6181d75d)
com.palantir.tokens:auth-tokens:3.18.0 (6 constraints: 376ea874)
com.palantir.tracing:tracing:6.18.0 (6 constraints: b86f6e38)
com.palantir.tracing:tracing-api:6.18.0 (5 constraints: 2b588edb)
com.palantir.tracing:tracing-undertow:6.18.0 (1 constraints: 68177d37)
com.palantir.tritium:tritium-registry:0.83.0 (8 constraints: 59995d1b)
com.squareup.okhttp3:okhttp:4.11.0 (1 constraints: 38053e3b)
com.squareup.okio:okio:3.2.0 (1 constraints: 4f0c2cfd)
com.squareup.okio:okio-jvm:3.2.0 (1 constraints: 4c0ac7b9)
com.zaxxer:HikariCP:5.0.1 (1 constraints: 08050536)
commons-beanutils:commons-beanutils:1.9.4 (1 constraints: 49097b97)
commons-collections:commons-collections:3.2.2 (1 constraints: b90f8a83)
commons-logging:commons-logging:1.2 (1 constraints: 570f4464)
io.dropwizard.metrics:metrics-core:4.2.25 (6 constraints: df702719)
io.undertow:undertow-core:2.2.24.Final (3 constraints: ea4141bb)
joda-time:joda-time:2.10.14 (1 constraints: 5b160f08)
org.apache.commons:commons-collections4:4.4 (1 constraints: e5082185)
org.apache.commons:commons-lang3:3.13.0 (3 constraints: 411c0fd6)
org.apache.commons:commons-text:1.9 (1 constraints: e7081d85)
org.checkerframework:checker-qual:3.42.0 (3 constraints: e231b366)
org.immutables:value:2.9.3 (1 constraints: 10051336)
org.jboss.logging:jboss-logging:3.4.1.Final (3 constraints: f03036d7)
org.jboss.threads:jboss-threads:3.1.0.Final (2 constraints: 561a9b42)
org.jboss.xnio:xnio-api:3.8.7.Final (3 constraints: c933a5af)
org.jboss.xnio:xnio-nio:3.8.7.Final (1 constraints: c80dcb30)
org.jetbrains:annotations:24.1.0 (3 constraints: da2fbf33)
org.jetbrains.kotlin:kotlin-stdlib:1.6.20 (3 constraints: 402e6ab4)
org.jetbrains.kotlin:kotlin-stdlib-common:1.6.20 (2 constraints: 3b1bdf82)
org.jetbrains.kotlin:kotlin-stdlib-jdk7:1.6.20 (1 constraints: e010f5d2)
org.jetbrains.kotlin:kotlin-stdlib-jdk8:1.6.20 (2 constraints: 7c1842c5)
org.slf4j:slf4j-api:2.0.12 (8 constraints: 2b7f7ed6)
org.wildfly.client:wildfly-client-config:1.0.1.Final (1 constraints: 940c6308)
org.wildfly.common:wildfly-common:1.6.0.Final (3 constraints: 1f32dad8)
org.xerial:sqlite-jdbc:3.43.0.0 (1 constraints: 9a054e46)
org.yaml:snakeyaml:2.0 (1 constraints: 3a178910)

[Test dependencies]
com.palantir.conjure.java.api:service-config:2.51.0 (4 constraints: 36488a4c)
com.palantir.conjure.java.api:test-utils:2.35.0 (1 constraints: 3c05463b)
com.palantir.conjure.java.runtime:client-config:8.6.0 (3 constraints: 26341dfc)
com.palantir.dialogue:dialogue-apache-hc5-client:3.91.0 (1 constraints: b8104fbe)
com.palantir.dialogue:dialogue-blocking-channels:3.91.0 (2 constraints: d92369b3)
com.palantir.dialogue:dialogue-clients:3.91.0 (1 constraints: 3f05583b)
com.palantir.dialogue:dialogue-core:3.91.0 (2 constraints: b8243f01)
com.palantir.dialogue:dialogue-futures:3.91.0 (3 constraints: ce3306be)
com.palantir.dialogue:dialogue-serde:3.91.0 (1 constraints: b8104fbe)
com.palantir.refreshable:refreshable:2.3.0 (2 constraints: 6624a8b7)
com.palantir.safethreadlocalrandom:safe-thread-local-random:0.1.0 (3 constraints: 933225f9)
com.palantir.tritium:tritium-api:0.74.0 (2 constraints: 371f74bd)
com.palantir.tritium:tritium-core:0.74.0 (1 constraints: 431050a2)
com.palantir.tritium:tritium-metrics:0.74.0 (4 constraints: c647dfe2)
net.bytebuddy:byte-buddy:1.14.4 (2 constraints: c016a64f)
org.apache.httpcomponents.client5:httpclient5:5.2.1 (1 constraints: cc13966e)
org.apache.httpcomponents.core5:httpcore5:5.2.2 (3 constraints: a038a439)
org.apache.httpcomponents.core5:httpcore5-h2:5.2 (1 constraints: dd12c315)
org.apiguardian:apiguardian-api:1.1.2 (5 constraints: 105480ac)
org.assertj:assertj-core:3.24.2 (2 constraints: 8b16cd21)
org.hdrhistogram:HdrHistogram:2.1.12 (1 constraints: 3e103aa2)
org.junit.jupiter:junit-jupiter:5.10.2 (1 constraints: 3a05433b)
org.junit.jupiter:junit-jupiter-api:5.10.2 (3 constraints: f12f0e51)
org.junit.jupiter:junit-jupiter-engine:5.10.2 (1 constraints: 350eff49)
org.junit.jupiter:junit-jupiter-params:5.10.2 (1 constraints: 350eff49)
org.junit.platform:junit-platform-commons:1.10.2 (2 constraints: 2f218183)
org.junit.platform:junit-platform-engine:1.10.2 (1 constraints: d410e6c4)
org.mockito:mockito-core:5.3.0 (1 constraints: 1c1164cf)
org.mpierce.metrics.reservoir:hdrhistogram-metrics-reservoir:1.1.3 (1 constraints: 0d10f991)
org.objenesis:objenesis:3.3 (1 constraints: b20a14bd)
org.opentest4j:opentest4j:1.3.0 (2 constraints: cf209249)
